
Microsoft Visual Studio Solution File, Format Version 12.00
# Visual Studio Version 17
VisualStudioVersion = 17.6.33723.286
MinimumVisualStudioVersion = 10.0.40219.1
Project("{FAE04EC0-301F-11D3-BF4B-00C04F79EFBC}") = "PersonelTakip", "PersonelTakip\PersonelTakip.csproj", "{2AEF2179-FADE-4071-9D47-70A8BA043B1B}"
EndProject
Project("{FAE04EC0-301F-11D3-BF4B-00C04F79EFBC}") = "PersonelTakipModel", "PersonelTakipModel\PersonelTakipModel.csproj", "{9C7ED465-74C2-4C59-B5F0-DF755D912B88}"
EndProject
Project("{FAE04EC0-301F-11D3-BF4B-00C04F79EFBC}") = "PersonelTakipManager", "PersonelTakipManager\PersonelTakipManager.csproj", "{C6B878A7-16FB-4938-83FF-06A417CA006E}"
EndProject
Global
	GlobalSection(SolutionConfigurationPlatforms) = preSolution
		Debug|Any CPU = Debug|Any CPU
		Release|Any CPU = Release|Any CPU
	EndGlobalSection
	GlobalSection(ProjectConfigurationPlatforms) = postSolution
		{2AEF2179-FADE-4071-9D47-70A8BA043B1B}.Debug|Any CPU.ActiveCfg = Debug|Any CPU
		{2AEF2179-FADE-4071-9D47-70A8BA043B1B}.Debug|Any CPU.Build.0 = Debug|Any CPU
		{2AEF2179-FADE-4071-9D47-70A8BA043B1B}.Release|Any CPU.ActiveCfg = Release|Any CPU
		{2AEF2179-FADE-4071-9D47-70A8BA043B1B}.Release|Any CPU.Build.0 = Release|Any CPU
		{9C7ED465-74C2-4C59-B5F0-DF755D912B88}.Debug|Any CPU.ActiveCfg = Debug|Any CPU
		{9C7ED465-74C2-4C59-B5F0-DF755D912B88}.Debug|Any CPU.Build.0 = Debug|Any CPU
		{9C7ED465-74C2-4C59-B5F0-DF755D912B88}.Release|Any CPU.ActiveCfg = Release|Any CPU
		{9C7ED465-74C2-4C59-B5F0-DF755D912B88}.Release|Any CPU.Build.0 = Release|Any CPU
		{C6B878A7-16FB-4938-83FF-06A417CA006E}.Debug|Any CPU.ActiveCfg = Debug|Any CPU
		{C6B878A7-16FB-4938-83FF-06A417CA006E}.Debug|Any CPU.Build.0 = Debug|Any CPU
		{C6B878A7-16FB-4938-83FF-06A417CA006E}.Release|Any CPU.ActiveCfg = Release|Any CPU
		{C6B878A7-16FB-4938-83FF-06A417CA006E}.Release|Any CPU.Build.0 = Release|Any CPU
	EndGlobalSection
	GlobalSection(SolutionProperties) = preSolution
		HideSolutionNode = FALSE
	EndGlobalSection
	GlobalSection(ExtensibilityGlobals) = postSolution
		SolutionGuid = {695C1AA6-6660-4DF9-B54C-DBDB9E7C1C8F}
	EndGlobalSection
EndGlobal
